
Microsoft Visual Studio Solution File, Format Version 12.00
# Visual Studio Version 17
VisualStudioVersion = 17.3.32929.385
MinimumVisualStudioVersion = 10.0.40219.1
Project("{9A19103F-16F7-4668-BE54-9A1E7A4F7556}") = "Festou2", "Festou2\Festou2.csproj", "{2C9E644C-0DAF-4A7B-95B4-649B1EB7F000}"
EndProject
Global
	GlobalSection(SolutionConfigurationPlatforms) = preSolution
		Debug|Any CPU = Debug|Any CPU
		Release|Any CPU = Release|Any CPU
	EndGlobalSection
	GlobalSection(ProjectConfigurationPlatforms) = postSolution
		{2C9E644C-0DAF-4A7B-95B4-649B1EB7F000}.Debug|Any CPU.ActiveCfg = Debug|Any CPU
		{2C9E644C-0DAF-4A7B-95B4-649B1EB7F000}.Debug|Any CPU.Build.0 = Debug|Any CPU
		{2C9E644C-0DAF-4A7B-95B4-649B1EB7F000}.Release|Any CPU.ActiveCfg = Release|Any CPU
		{2C9E644C-0DAF-4A7B-95B4-649B1EB7F000}.Release|Any CPU.Build.0 = Release|Any CPU
	EndGlobalSection
	GlobalSection(SolutionProperties) = preSolution
		HideSolutionNode = FALSE
	EndGlobalSection
	GlobalSection(ExtensibilityGlobals) = postSolution
		SolutionGuid = {301BC71C-5A4B-42E1-B045-03F30A319533}
	EndGlobalSection
EndGlobal
